{
    "_meta": {
        "hash": {
            "sha256": "9a169ccb4f3130cc6637bb5b6b8fae91cefb66f519a387f11ebc9fada4330433"
        },
        "pipfile-spec": 6,
        "requires": {
            "python_version": "3.10"
        },
        "sources": [
            {
                "name": "pypi",
                "url": "https://pypi.org/simple",
                "verify_ssl": true
            }
        ]
    },
    "default": {
        "glfw": {
            "hashes": [
                "sha256:484267b8e82bb6aff4917aba080773b7d79bee0f26e4cc5d2cbe733b60356526",
                "sha256:57d00367f8dc31b898a47ab22849bab9f87dff4b4c7a56d16d9a7158cda96c19",
                "sha256:7ff3c3f333c2c0c8a6fce6694de0b2522ce2c2d83bbf2601bd081aa0e5c1afc3",
                "sha256:8a5b160ad8253e2415a1635f2b100f3e1795e12cd4da2a4c75d8c0150ef3c454",
                "sha256:a1a132e7d6f78ae7f32957b56de2fd996d2a416f9520adb40345cc9cf744d277",
                "sha256:b1b5e5a80415c7cc52c86b1996c4053b49ea83ce809e7bbe38d48ee8ab99c484",
                "sha256:d197d788381fb371fa94152c0ac1e72a952e64ca332a2bdc33a309916107f427",
                "sha256:d63fe96fae72c4247239d855f09767723214a0cae6aaf1f3a7b11a8898674c12",
                "sha256:d7ddd807587e51b959cca3861917d5c18bbb367d6b1d9bda1ecd04ce5162a0ce"
            ],
            "index": "pypi",
            "version": "==2.6.5"
        },
        "imgui": {
            "hashes": [
                "sha256:0fc382e0d3fea4da7a88a5fcd395e028722fda1bdbbe4936071f4cb0420f9dd5",
                "sha256:14fcacd6645fbcc0770d4f746abb4ee631a694895f58aef0e0d2976eab431226",
                "sha256:1d7449ca6380420ccfcf8d8483cb5ad838e222bf55347fbeeba51181ba9b721d",
                "sha256:206f217a71055d12f8395aca14a3c9e60a6411fc852791bb5e108834953ffcc6",
                "sha256:23f67fc8789e1e56c8990783dc78031b6b196f37109fb6808389cde7c3fd1bb0",
                "sha256:2bc50d3b4464f8b9465ab220854ea1131166af0717c963a3a175b3c7966a029e",
                "sha256:2fbdb8eed3b8dbd7ea98af9e4c1c6582b0bc4da942a258de16333d8c653d67e1",
                "sha256:377a210a1c118a19b70f6127384772f352bc4d5e78028a948db6182e37b6e343",
                "sha256:3811b91e818eafa924116628b400294d023819efceb71a7ed2e4b7a6b3727ecb",
                "sha256:385dbd48aa5abd297b5b9b665bd2806fbcf57c2d0f4a3b4f609bf64cc0487202",
                "sha256:3da16856d89de0f1c0c0d9732d2a1dfc7ed68182545a7a6e87ecd74b93e52da0",
                "sha256:4ae29fb159f83561d2fb5659509de9c34113ba46c8d7c066279fdddac391545e",
                "sha256:51b7084e11a50a84e09d2e5baf18926a165676325951929eb53d5936b3971eb3",
                "sha256:5876314bd7137115325d843e6985c1d939b7ab992bdc4259cbcd178988d02944",
                "sha256:5899bf6c8492c60b1e36dfcc850bdf27da3cc90d596cdfff7e563ecfedfa269b",
                "sha256:59cf4cce7642305b28c5b961392a7e5a72537036c84ba5fde2a6bf10c154a27b",
                "sha256:5ef6411f9a2f1e528894bc184f4505b935aff0d80e258e38e91ab06e308b6ae8",
                "sha256:6602d18ed735766e08cb4fb9e1c9fd420be96f8112f7357134dadd3a848a51ce",
                "sha256:66a5a3ea2c5487b83fc99d56d56df3f23b49010c2f65162ae318076beecd387d",
                "sha256:772283312cda96d0a33cc7102c644a4b796b60fc51cd7e38c926e0d7d3c5e952",
                "sha256:7f4fa4b7b2c917446ba285541574775fd61a4c5c23050989314961ea06c59ad1",
                "sha256:8bce66afefbc6cb383c19405255a3333eef10b5082e54d7fff075244aa8ac8cf",
                "sha256:8d4dd5551d2140980fb533d7a35d7efefd5060199d9cdf0ce3e65bbb27264090",
                "sha256:9015a85e90be27ab8c7d730fa1fd876fac3407b8c369fbe29fa290ed044eff79",
                "sha256:94a100c9050fb41cc043076517f1adb41cb38f0bfeaf84d21452a89ec500969f",
                "sha256:a0a333d1745721fd23bb8015fdd34deb0d6e9a2450c993506688742b9c5a0941",
                "sha256:a1f5c95505c73cd03f70d348e3f15ee2baa72b2251a636c09095b2a312c9a582",
                "sha256:aba45749ee9356202d10661f1390b75a701c0540e8d3bd3f7e51dafbf6cf36f6",
                "sha256:ac287738a6add06da73ecc7d9a0227e74f3d013c9aace17f4014814b35e85dbe",
                "sha256:adfd23b70ec4696a9128f64228a471fda9d2a709ab6c46affadb5ceb2b620626",
                "sha256:b0e61e7f5f42391f149bfbd7196148a4009a446c7663b69fea0629ff7b857f38",
                "sha256:b22f30c640a48d2e03a85bf91f80d6ed5fa6a7d0b40643e423ccf1f8411d5612",
                "sha256:b994278d0d90348a471f884930e2bd731ed92b2ae36171efdc645ffc2a64db4e",
                "sha256:bead8db082403dde37429a14b439df6fada0c909a0f06fb310c1dec94338dad4",
                "sha256:c1a88dd008046d19f9e9df95e34a8df8908007be76aefcd6a36aad759b6fe7d0",
                "sha256:c1af2761708c40c852053dd0a7d570ea0241a75ad3c27d7b55430b12003198e0",
                "sha256:c30c11780982eeb619b6badcccab2eb90acf6141d9610902679b44fbaf588310",
                "sha256:c32b442874bae79b358cacfd30be416430c8af97f9c5edcba4c22375b58fc1ed",
                "sha256:c4ea5d971bb781ec06697b72ecfa802548ebdd1f5144353d530982c1ef1d86b1",
                "sha256:c7541813f477e407db32e0242880205f4b46d23c72e16dd3f1890dd853e7549d",
                "sha256:c93d2bbeac28661efaef263f7ef139269358d42e9002357ee96d901ff851fc59",
                "sha256:cbea38112f8b4c232ef065a537266f561f952324d19409ebb0e7221648632dd3",
                "sha256:cc2c7074e07ca9802089c17ddc3a7c3059d0848c7c596a22e5aa86026d99cc18",
                "sha256:d09b85532124f2c3138bef243adc25fd57d81fa3a049d96c2a6f8c4383d90127",
                "sha256:d5e028485346057f286d9116e7bbed4e38da9990da41cdc8efc26d3bc6e010c9",
                "sha256:d6e3a48cdd5b1289bbf6a3477b86712528d3bf3f1b74f5a481647581830527ba",
                "sha256:d7ace8c05a17b359ddbc89882c4c0fc698d537eb9a0410254caaa0829003fa01",
                "sha256:e086cb9d1709b0391a06d43f1cecaa3bc384382dac3d3ca8489937050cd85efc",
                "sha256:e9c5985f24671571a94f21f793b487d2b775a5d96092145c2c242b8aee29e487",
                "sha256:ea6d37ef37e4acaa6e9ea0111cb4a61db6ed32c44164ac8bebe96b01036387bd",
                "sha256:f2448957ab4052d1a69e2e134a36d2a87c7599834639385daa88f62ac5302154",
                "sha256:f5775be372ff7154a728a8add224560c2c7654a9c902b1feb524f9342747051e",
                "sha256:f619b045688abad4ccc1896dd911d54006fdcf33da2453b9987e803b63a9a6da",
                "sha256:ff0aa7736067ae5d4d0d118902d339fd1133f2dd2181cafc3b246391a4f036a1",
                "sha256:ffcd54fb088d20ce682cba3ade24831fbbdd620807e20ab147ab0083111d0243"
            ],
            "index": "pypi",
            "version": "==2.0.0"
        },
        "libigl": {
            "hashes": [
                "sha256:0697b3aa504c6297e3e410008e1ca2e9d5b9c9c937f7a25dbe35c672f69b23a5",
                "sha256:357c64c4c67a5efcdf160a07cffda8baafec179b38965894013fff5592ad8953",
                "sha256:3f566dd0cd7352904019439398dd61c72636de02d480df5da70b1e322fad85fd",
                "sha256:5974558da652b80910d75bcc7e6636905028ef00fefa2de02da4ab7acdddcf6b",
                "sha256:5fffdad71ea9139141ca28492fb8d9731e1735695d40992f2816e902a933a5dd",
                "sha256:6519040f326cdaa94a087489152784d8e65bc8e967837b05e8dd84b90280b7a4",
                "sha256:660bf8ae20cc971d77918d61c5b824352c66443c4e353d09f939d917f0ff8068",
                "sha256:69e8f217efa36b9593a0ff54ee2caab13f20ce93ba0b292591e2065b88fe6bd4",
                "sha256:759161c2069a12aed4e3c663ef8414726e991db86ceb41bb005e5f5e37587e2e",
                "sha256:7c73429854b46987d599c9a6c19fe9a7e93b93740d16809759a503fe2034f779",
                "sha256:7f22c5689b7d131ecb207dc521a77f0dd3b941a2bde5603c4acbb0bf61c65daf",
                "sha256:821be242eca32516fe192d0e6821177486087dfd6f4079874b65dc251849ea84",
                "sha256:8969bb0c821ad9927203a2b0327bcd8a54046f03e9a4c13e259cdc1e3552b041",
                "sha256:953fee5f00ca83bb0ec60693e86d96c61e696565884fd09e25328d44743e9bf7",
                "sha256:aaa8b45d9127764c26d1bc130ec830da11848e81c1287ddbff0a33fef1ccb658",
                "sha256:be6f0f905f790427e35094040c52640b6ca198a117b7500376629adb4fd50c1d",
                "sha256:ce3a89f2c68bef5600b8f927c625897f78bcb2702f30401481b4318160a532bb",
                "sha256:d4bae05f4f092b3731de8f4698ee60d41dd701d9835a098106c76188bb2ce71e",
                "sha256:d73a52621abb205b96262e3bca7d08a6239790304f05090043d84e50c8c1b91b",
                "sha256:df6eccc7c771988a598b504fe0824f0c510566a4fc2d5879531741aa04244cf8",
                "sha256:ead6f802fb41691fb268db7140d15656e57033fb62b9223ae306505a0b368ee9",
                "sha256:f6e745aca0b7a4592e70e7917296ac051e76c9856f3003b50818c7f4a1ab3b46",
                "sha256:f71e5b6687a27ce36dfa91a7b490e81faa448e0db3c7983f6894984168730c16"
            ],
            "index": "pypi",
            "version": "==2.5.0"
        },
        "llvmlite": {
            "hashes": [
                "sha256:05cb7e9b6ce69165ce4d1b994fbdedca0c62492e537b0cc86141b6e2c78d5888",
                "sha256:08fa9ab02b0d0179c688a4216b8939138266519aaa0aa94f1195a8542faedb56",
                "sha256:3366938e1bf63d26c34fbfb4c8e8d2ded57d11e0567d5bb243d89aab1eb56098",
                "sha256:43d65cc4e206c2e902c1004dd5418417c4efa6c1d04df05c6c5675a27e8ca90e",
                "sha256:70f44ccc3c6220bd23e0ba698a63ec2a7d3205da0d848804807f37fc243e3f77",
                "sha256:763f8d8717a9073b9e0246998de89929071d15b47f254c10eef2310b9aac033d",
                "sha256:7e0c4c11c8c2aa9b0701f91b799cb9134a6a6de51444eff5a9087fc7c1384275",
                "sha256:81e674c2fe85576e6c4474e8c7e7aba7901ac0196e864fe7985492b737dbab65",
                "sha256:8d90edf400b4ceb3a0e776b6c6e4656d05c7187c439587e06f86afceb66d2be5",
                "sha256:a78ab89f1924fc11482209f6799a7a3fc74ddc80425a7a3e0e8174af0e9e2301",
                "sha256:ae511caed28beaf1252dbaf5f40e663f533b79ceb408c874c01754cafabb9cbf",
                "sha256:b2fce7d355068494d1e42202c7aff25d50c462584233013eb4470c33b995e3ee",
                "sha256:bb3975787f13eb97629052edb5017f6c170eebc1c14a0433e8089e5db43bcce6",
                "sha256:bdd3888544538a94d7ec99e7c62a0cdd8833609c85f0c23fcb6c5c591aec60ad",
                "sha256:c35da49666a21185d21b551fc3caf46a935d54d66969d32d72af109b5e7d2b6f",
                "sha256:c5bece0cdf77f22379f19b1959ccd7aee518afa4afbd3656c6365865f84903f9",
                "sha256:d0936c2067a67fb8816c908d5457d63eba3e2b17e515c5fe00e5ee2bace06040",
                "sha256:d47494552559e00d81bfb836cf1c4d5a5062e54102cc5767d5aa1e77ccd2505c",
                "sha256:d7599b65c7af7abbc978dbf345712c60fd596aa5670496561cc10e8a71cebfb2",
                "sha256:ebe66a86dc44634b59a3bc860c7b20d26d9aaffcd30364ebe8ba79161a9121f4",
                "sha256:f92b09243c0cc3f457da8b983f67bd8e1295d0f5b3746c7a1861d7a99403854a"
            ],
            "markers": "python_version >= '3.9'",
            "version": "==0.42.0"
        },
        "numba": {
            "hashes": [
                "sha256:0307ee91b24500bb7e64d8a109848baf3a3905df48ce142b8ac60aaa406a0400",
                "sha256:1192d6b2906bf3ff72b1d97458724d98860ab86a91abdd4cfd9328432b661e31",
                "sha256:12b9b064a3e4ad00e2371fc5212ef0396c80f41caec9b5ec391c8b04b6eaf2a8",
                "sha256:32bd0a41525ec0b1b853da244808f4e5333867df3c43c30c33f89cf20b9c2b63",
                "sha256:4981659220b61a03c1e557654027d271f56f3087448967a55c79a0e5f926de62",
                "sha256:5516a469514bfae52a9d7989db4940653a5cbfac106f44cb9c50133b7ad6224b",
                "sha256:6feb1504bb432280f900deaf4b1dadcee68812209500ed3f81c375cbceab24dc",
                "sha256:70d26ba589f764be45ea8c272caa467dbe882b9676f6749fe6f42678091f5f21",
                "sha256:753dc601a159861808cc3207bad5c17724d3b69552fd22768fddbf302a817a4c",
                "sha256:8cbef55b73741b5eea2dbaf1b0590b14977ca95a13a07d200b794f8f6833a01c",
                "sha256:8d061d800473fb8fef76a455221f4ad649a53f5e0f96e3f6c8b8553ee6fa98fa",
                "sha256:90efb436d3413809fcd15298c6d395cb7d98184350472588356ccf19db9e37c8",
                "sha256:944faad25ee23ea9dda582bfb0189fb9f4fc232359a80ab2a028b94c14ce2b1d",
                "sha256:9e20736bf62e61f8353fb71b0d3a1efba636c7a303d511600fc57648b55823ed",
                "sha256:c086a434e7d3891ce5dfd3d1e7ee8102ac1e733962098578b507864120559ceb",
                "sha256:cd3dac45e25d927dcb65d44fb3a973994f5add2b15add13337844afe669dd1ba",
                "sha256:ce62bc0e6dd5264e7ff7f34f41786889fa81a6b860662f824aa7532537a7bee0",
                "sha256:d540f69a8245fb714419c2209e9af6104e568eb97623adc8943642e61f5d6d8e",
                "sha256:e125f7d69968118c28ec0eed9fbedd75440e64214b8d2eac033c22c04db48492",
                "sha256:e86e6786aec31d2002122199486e10bbc0dc40f78d76364cded375912b13614c",
                "sha256:fe4d7562d1eed754a7511ed7ba962067f198f86909741c5c6e18c4f1819b1f47"
            ],
            "index": "pypi",
            "markers": "python_version >= '3.9'",
            "version": "==0.59.0"
        },
        "numpy": {
            "hashes": [
                "sha256:03a8c78d01d9781b28a6989f6fa1bb2c4f2d51201cf99d3dd875df6fbd96b23b",
                "sha256:08beddf13648eb95f8d867350f6a018a4be2e5ad54c8d8caed89ebca558b2818",
                "sha256:1af303d6b2210eb850fcf03064d364652b7120803a0b872f5211f5234b399f20",
                "sha256:1dda2e7b4ec9dd512f84935c5f126c8bd8b9f2fc001e9f54af255e8c5f16b0e0",
                "sha256:2a02aba9ed12e4ac4eb3ea9421c420301a0c6460d9830d74a9df87efa4912010",
                "sha256:2e4ee3380d6de9c9ec04745830fd9e2eccb3e6cf790d39d7b98ffd19b0dd754a",
                "sha256:3373d5d70a5fe74a2c1bb6d2cfd9609ecf686d47a2d7b1d37a8f3b6bf6003aea",
                "sha256:47711010ad8555514b434df65f7d7b076bb8261df1ca9bb78f53d3b2db02e95c",
                "sha256:4c66707fabe114439db9068ee468c26bbdf909cac0fb58686a42a24de1760c71",
                "sha256:50193e430acfc1346175fcbdaa28ffec49947a06918b7b92130744e81e640110",
                "sha256:52b8b60467cd7dd1e9ed082188b4e6bb35aa5cdd01777621a1658910745b90be",
                "sha256:60dedbb91afcbfdc9bc0b1f3f402804070deed7392c23eb7a7f07fa857868e8a",
                "sha256:62b8e4b1e28009ef2846b4c7852046736bab361f7aeadeb6a5b89ebec3c7055a",
                "sha256:666dbfb6ec68962c033a450943ded891bed2d54e6755e35e5835d63f4f6931d5",
                "sha256:675d61ffbfa78604709862923189bad94014bef562cc35cf61d3a07bba02a7ed",
                "sha256:679b0076f67ecc0138fd2ede3a8fd196dddc2ad3254069bcb9faf9a79b1cebcd",
                "sha256:7349ab0fa0c429c82442a27a9673fc802ffdb7c7775fad780226cb234965e53c",
                "sha256:7ab55401287bfec946ced39700c053796e7cc0e3acbef09993a9ad2adba6ca6e",
                "sha256:7e50d0a0cc3189f9cb0aeb3a6a6af18c16f59f004b866cd2be1c14b36134a4a0",
                "sha256:95a7476c59002f2f6c590b9b7b998306fba6a5aa646b1e22ddfeaf8f78c3a29c",
                "sha256:96ff0b2ad353d8f990b63294c8986f1ec3cb19d749234014f4e7eb0112ceba5a",
                "sha256:9fad7dcb1aac3c7f0584a5a8133e3a43eeb2fe127f47e3632d43d677c66c102b",
                "sha256:9ff0f4f29c51e2803569d7a51c2304de5554655a60c5d776e35b4a41413830d0",
                "sha256:a354325ee03388678242a4d7ebcd08b5c727033fcff3b2f536aea978e15ee9e6",
                "sha256:a4abb4f9001ad2858e7ac189089c42178fcce737e4169dc61321660f1a96c7d2",
                "sha256:ab47dbe5cc8210f55aa58e4805fe224dac469cde56b9f731a4c098b91917159a",
                "sha256:afedb719a9dcfc7eaf2287b839d8198e06dcd4cb5d276a3df279231138e83d30",
                "sha256:b3ce300f3644fb06443ee2222c2201dd3a89ea6040541412b8fa189341847218",
                "sha256:b97fe8060236edf3662adfc2c633f56a08ae30560c56310562cb4f95500022d5",
                "sha256:bfe25acf8b437eb2a8b2d49d443800a5f18508cd811fea3181723922a8a82b07",
                "sha256:cd25bcecc4974d09257ffcd1f098ee778f7834c3ad767fe5db785be9a4aa9cb2",
                "sha256:d209d8969599b27ad20994c8e41936ee0964e6da07478d6c35016bc386b66ad4",
                "sha256:d5241e0a80d808d70546c697135da2c613f30e28251ff8307eb72ba696945764",
                "sha256:edd8b5fe47dab091176d21bb6de568acdd906d1887a4584a15a9a96a1dca06ef",
                "sha256:f870204a840a60da0b12273ef34f7051e98c3b5961b61b0c2c1be6dfd64fbcd3",
                "sha256:ffa75af20b44f8dba823498024771d5ac50620e6915abac414251bd971b4529f"
            ],
            "index": "pypi",
            "markers": "python_version >= '3.9'",
            "version": "==1.26.4"
        },
        "numpy-quaternion": {
            "hashes": [
                "sha256:02b93874723c38ad1e684d0862899d9266bf9855fd5a5bdcba8793169e672c31",
                "sha256:04671ea098c0fe879eb07a24ec80dc09efc674e178f9b58a427f9d2368b2c009",
                "sha256:04c4536fdb7f22733631b7953e2db82b27964d96f97423901e749c971cb7f6f2",
                "sha256:0560b12235aaab7aee56e94c2df2f7879e0c965b8aea3c6bccaad7f2b4fb031a",
                "sha256:0c058ee103024dc15b3232e57204934a53be080d5c75246cdec9eb92e9f56c5f",
                "sha256:13958c8628b17f9bc725bb54e910c384e211e54b057cbe069f1615aebae8735d",
                "sha256:2fdbc31fdac812ed2ff0287a2d51e1b87d5ec6d2aeea4a667adb14f4b6198bc5",
                "sha256:32e34d2ebeeed25b238df22eba0030ba8db4a4e82a7eb6f5e32fda45768990ee",
                "sha256:333dea61c9628707223dc062e4a6e0a72bbb4fffd58a84231ea24b959e694bde",
                "sha256:37f73d7f84c645bd9be95cb4862bd900b7f99bd2f801232006dde00641bf2fd7",
                "sha256:3f89e11f89ded410fb34e6f997d4c7f4cf7c31c3eb9537c035756a5d2a6cc4e3",
                "sha256:41968027811fa81157c9bc9f2bf00cc22dc8865d7fb5834f9f83bafc5995b6ec",
                "sha256:449ba07ec505dd757aa4ba6df8ef086bdd06c85f4681529ddaecd4ce7d62e792",
                "sha256:48bb1fc03b580a9bb89da9d4f8916f87101bc75682611c423bafa031b6d96176",
                "sha256:4b9421d46d56fbec0dd625c9909550c66bb81265a76efaecc5621166f18069bf",
                "sha256:57d99cee91c7356c62d70817d32432db3da58f4d5f3bd29757c5696f56fa2e86",
                "sha256:5c5b7dfb7412b582101ae4e576f15bc6af904f66b24b832aa1fafa3a846c71da",
                "sha256:5dd15141aecbf32cdb6bf96bdc13df7dd2f31833011a7f0ef51ecc86872cf8f0",
                "sha256:5f994628b10bf29461fb50cf3ce022d0a610e173068414942a9efd746b35b38b",
                "sha256:60c1e9f9997205949c770702307451eeffd96f3a2824f4dc49ed42336bd698e2",
                "sha256:681aaa2cf4d59fc412ee00188dcdc551c8ff91ea63d54d06f37ec66dd383633d",
                "sha256:6c7e82014a51c93fe76322654d9c59f03b2e5cd19d0d6535d606bf7a119d4394",
                "sha256:6dd56641fddad6c35d86a6d9f3cee4a786d0a4c6b41ed74d60dad97741835280",
                "sha256:713e4357868ebd8e4f3500435fcb49a997a8a9a5f8514e3a79d51f46abcdf2ae",
                "sha256:86d46c5f220ed2289d7d53c918b0e2432d6ddeae20c5ca232f3dab6fafe6c340",
                "sha256:86f931da5893db57c4da4142045b605cc99d469fb3e6238ae487e080dcd7227e",
                "sha256:8e218a5207be1a983d3fd54d710067a6638d324015ba695c0509082a29086284",
                "sha256:98bfb77597ea56462be3f94e002640ebc6ecf9d2eeea140f5d1c13145af56a31",
                "sha256:9b26f4961fef053d552f5dcea0957b1eb34c99fea92efe1544044013d04e1407",
                "sha256:ac5e37ed57c0e2ff938c88d4462a126b16c98581dde0c003eba05741188b7f38",
                "sha256:b0f8517c268d748cbfe686214bd53ac7064e85106c90e22bd7cf04940a17323e",
                "sha256:b144be3dca3330f8ad5866c561cebbfe3273a5b228ece058c014cdbf8916630d",
                "sha256:b343649600eb9f30275380b47ee4430f4393ed3370e5fa3fbb1db0ebbd908228",
                "sha256:b4df8ffdcab6f773eec518ed09abb81e233afd9a38534e3a1db0cb0bfc54b370",
                "sha256:bb3ab05505ccb5c835a6f0401811d64f23c843e622751956ba77734f7dc20493",
                "sha256:bca80ceef24364eb4dc07026e3d5c7cc9932b844888a3a15f27941f0ee6ba5c3",
                "sha256:bf6a99191d1d0b3289eb256c1eaf7e290d80d4a306bb31d04121bf9a7eb88701",
                "sha256:c2ddf7e16a611f1c07a170d9464d69291eeb734ade2ce50b7f4eb38d9620f007",
                "sha256:c829f58ebc908f07487d3351a13ba99c3e39eb5e04aea389ca5175642cfdab15",
                "sha256:cab8b1626c6d719639360a6af920c25df3f0248ab04635b72919aa1a05cb575f",
                "sha256:cf487d6b56883895ddf22307a0cf8e9949604465154d0cd9b78250d800d07a0d",
                "sha256:d11f6f030d1cc7b58afe83fa849422a1c8c3a742b7af30232b98acbe32cd2be6",
                "sha256:d725796e9f21eb703ae19448ceea0ab34e850c903ab01fef3de06f7217ae17f5",
                "sha256:dec65adaac6bf15f31951e25bf5fe908135db6e223cf2df0112c93afe432d5de",
                "sha256:e033eef943a904b9c34c1d9e66570a07fa2c3d4a311a357d1aeb305493092c08",
                "sha256:e6b4dd4797e6e77fcdd8b3487893f8af3fe934f1f26839d1605f771f700dded6",
                "sha256:e6dcfec4c7f615e6c46411c2034631e0a1934ffc3509e7bd61c3aacce4ecb181",
                "sha256:eeeb8a6004a649b4a411fb25fb94a6da8e937de25b7c409c62528c937d1bb47d",
                "sha256:eeffe622c5cec8396e61c266f65c75ec54fa4c21688a9633e8737276dc7fcc4b"
            ],
            "index": "pypi",
            "version": "==2023.0.2"
        },
        "openmesh": {
            "hashes": [
                "sha256:39aef855270758ae51b6505fd9845025142c274f8dce5633ad27f0a8ab14c3b4",
                "sha256:6fd3fa41a68148e4a7523f562426aa9758bf65ccc6642abcf79c37bae9c6af3c",
                "sha256:b7c99c55777cac2183e6161d2cd37723537c74ab57d6483e346931bd4dd5fff9",
                "sha256:e91c81f286f4e3443bca0f57b850d04f2ab4888930d08f84715f69fdaac604c3",
                "sha256:e98e09a05504f25584a0e9dbcf74c71c85707bbd8c03010a0a9ec7f9b80fa29e"
            ],
            "index": "pypi",
            "version": "==1.2.1"
        },
        "scipy": {
            "hashes": [
                "sha256:196ebad3a4882081f62a5bf4aeb7326aa34b110e533aab23e4374fcccb0890dc",
                "sha256:408c68423f9de16cb9e602528be4ce0d6312b05001f3de61fe9ec8b1263cad08",
                "sha256:4bf5abab8a36d20193c698b0f1fc282c1d083c94723902c447e5d2f1780936a3",
                "sha256:4c1020cad92772bf44b8e4cdabc1df5d87376cb219742549ef69fc9fd86282dd",
                "sha256:5adfad5dbf0163397beb4aca679187d24aec085343755fcdbdeb32b3679f254c",
                "sha256:5e32847e08da8d895ce09d108a494d9eb78974cf6de23063f93306a3e419960c",
                "sha256:6546dc2c11a9df6926afcbdd8a3edec28566e4e785b915e849348c6dd9f3f490",
                "sha256:730badef9b827b368f351eacae2e82da414e13cf8bd5051b4bdfd720271a5371",
                "sha256:75ea2a144096b5e39402e2ff53a36fecfd3b960d786b7efd3c180e29c39e53f2",
                "sha256:78e4402e140879387187f7f25d91cc592b3501a2e51dfb320f48dfb73565f10b",
                "sha256:8b8066bce124ee5531d12a74b617d9ac0ea59245246410e19bca549656d9a40a",
                "sha256:8bee4993817e204d761dba10dbab0774ba5a8612e57e81319ea04d84945375ba",
                "sha256:913d6e7956c3a671de3b05ccb66b11bc293f56bfdef040583a7221d9e22a2e35",
                "sha256:95e5c750d55cf518c398a8240571b0e0782c2d5a703250872f36eaf737751338",
                "sha256:9c39f92041f490422924dfdb782527a4abddf4707616e07b021de33467f917bc",
                "sha256:a24024d45ce9a675c1fb8494e8e5244efea1c7a09c60beb1eeb80373d0fecc70",
                "sha256:a7ebda398f86e56178c2fa94cad15bf457a218a54a35c2a7b4490b9f9cb2676c",
                "sha256:b360f1b6b2f742781299514e99ff560d1fe9bd1bff2712894b52abe528d1fd1e",
                "sha256:bba1b0c7256ad75401c73e4b3cf09d1f176e9bd4248f0d3112170fb2ec4db067",
                "sha256:c3003652496f6e7c387b1cf63f4bb720951cfa18907e998ea551e6de51a04467",
                "sha256:e53958531a7c695ff66c2e7bb7b79560ffdc562e2051644c5576c39ff8efb563",
                "sha256:e646d8571804a304e1da01040d21577685ce8e2db08ac58e543eaca063453e1c",
                "sha256:e7e76cc48638228212c747ada851ef355c2bb5e7f939e10952bc504c11f4e372",
                "sha256:f5f00ebaf8de24d14b8449981a2842d404152774c1a1d880c901bf454cb8e2a1",
                "sha256:f7ce148dffcd64ade37b2df9315541f9adad6efcaa86866ee7dd5db0c8f041c3"
            ],
            "markers": "python_version >= '3.9'",
            "version": "==1.12.0"
        }
    },
    "develop": {}
}
